<?xml version="1.0" encoding="utf-8"?>
<Project ToolsVersion="4.0" xmlns="http://schemas.microsoft.com/developer/msbuild/2003">
  <ItemGroup>
    <Filter Include="소스 파일">
      <UniqueIdentifier>{4FC737F1-C7A5-4376-A066-2A32D752A2FF}</UniqueIdentifier>
      <Extensions>cpp;c;cc;cxx;def;odl;idl;hpj;bat;asm;asmx</Extensions>
    </Filter>
    <Filter Include="헤더 파일">
      <UniqueIdentifier>{93995380-89BD-4b04-88EB-625FBE52EBFB}</UniqueIdentifier>
      <Extensions>h;hh;hpp;hxx;hm;inl;inc;ipp;xsd</Extensions>
    </Filter>
    <Filter Include="리소스 파일">
      <UniqueIdentifier>{67DA6AB6-F800-4c08-8B7A-83BB121AAD01}</UniqueIdentifier>
      <Extensions>rc;ico;cur;bmp;dlg;rc2;rct;bin;rgs;gif;jpg;jpeg;jpe;resx;tiff;tif;png;wav;mfcribbon-ms</Extensions>
    </Filter>
    <Filter Include="2DframeWork">
      <UniqueIdentifier>{e6850773-16a0-42ac-a497-6944ec78d6bf}</UniqueIdentifier>
    </Filter>
    <Filter Include="2DframeWork\action">
      <UniqueIdentifier>{48bb7b9b-386b-461b-8dbd-8c9eb79e3633}</UniqueIdentifier>
    </Filter>
    <Filter Include="2DframeWork\animation">
      <UniqueIdentifier>{46a969a6-5545-443e-aff3-50aa94c1378b}</UniqueIdentifier>
    </Filter>
    <Filter Include="2DframeWork\image">
      <UniqueIdentifier>{688b32c7-e6f6-435d-8747-7b48d1fa1a12}</UniqueIdentifier>
    </Filter>
    <Filter Include="2DframeWork\Manager">
      <UniqueIdentifier>{0e5d4a08-6c88-47ee-b02f-7e82514dcebe}</UniqueIdentifier>
    </Filter>
    <Filter Include="2DframeWork\singletoneBase">
      <UniqueIdentifier>{427b1fe7-520e-4897-a233-38f582a4cf8e}</UniqueIdentifier>
    </Filter>
    <Filter Include="2DframeWork\timer">
      <UniqueIdentifier>{c461e3bc-39a5-46ca-87a9-18fb0f05d04c}</UniqueIdentifier>
    </Filter>
    <Filter Include="2DframeWork\utils">
      <UniqueIdentifier>{e219d859-f842-4858-982a-5aee6b8f866d}</UniqueIdentifier>
    </Filter>
    <Filter Include="2DframeWork\prograssbar">
      <UniqueIdentifier>{da6a7ffe-648a-454f-aca0-66c50da00400}</UniqueIdentifier>
    </Filter>
    <Filter Include="mainGame">
      <UniqueIdentifier>{5eeac829-f058-4a84-a41f-5b70f4826370}</UniqueIdentifier>
    </Filter>
    <Filter Include="mainGame\enemyManager">
      <UniqueIdentifier>{40f1b7f5-d6a1-43f2-8e2c-c19fe43c9440}</UniqueIdentifier>
    </Filter>
    <Filter Include="mainGame\enemyManager\enemys">
      <UniqueIdentifier>{63bf9198-fee2-4862-9332-45c241020fde}</UniqueIdentifier>
    </Filter>
    <Filter Include="mainGame\enemyManager\node">
      <UniqueIdentifier>{89c149e2-3a13-4ef2-a5aa-8c30e0a3ab03}</UniqueIdentifier>
    </Filter>
    <Filter Include="mainGame\map">
      <UniqueIdentifier>{833ef552-572e-42b5-a80f-fba83cb73065}</UniqueIdentifier>
    </Filter>
    <Filter Include="mainGame\map\tool">
      <UniqueIdentifier>{d26d1c2f-3f6e-4f2c-86eb-f83cb6406cc3}</UniqueIdentifier>
    </Filter>
    <Filter Include="mainGame\map\objectManager">
      <UniqueIdentifier>{c4d83ebb-acb4-47e0-a6ba-ba23c6c9b499}</UniqueIdentifier>
    </Filter>
    <Filter Include="mainGame\map\decorator">
      <UniqueIdentifier>{81bcff6c-8fbb-44f2-b5cb-7b936a3e5829}</UniqueIdentifier>
    </Filter>
    <Filter Include="mainGame\map\objectManager\object">
      <UniqueIdentifier>{9ff96f73-f586-4157-a832-cd9f6723497b}</UniqueIdentifier>
    </Filter>
    <Filter Include="mainGame\map\decorator\deco">
      <UniqueIdentifier>{998fd9d7-763f-4ea7-8a38-396b2e3341f8}</UniqueIdentifier>
    </Filter>
    <Filter Include="mainGame\map\objectManager\object\node">
      <UniqueIdentifier>{79b0eddc-e5e5-4b84-ae32-14f6ecb69bdc}</UniqueIdentifier>
    </Filter>
    <Filter Include="mainGame\map\decorator\deco\node">
      <UniqueIdentifier>{e60effc8-8c6b-4698-b487-bdd9804cb929}</UniqueIdentifier>
    </Filter>
    <Filter Include="switcher">
      <UniqueIdentifier>{adca1de6-9de3-4e3c-a1e8-31a06878e102}</UniqueIdentifier>
    </Filter>
    <Filter Include="mainGame\map\objectManager\object\item">
      <UniqueIdentifier>{349084fc-b7e5-4cea-a7cd-fe8e1b692716}</UniqueIdentifier>
    </Filter>
    <Filter Include="mainGame\map\stage">
      <UniqueIdentifier>{fbee3fc6-6f7f-4051-b042-4f6712cf1d3f}</UniqueIdentifier>
    </Filter>
    <Filter Include="mainGame\map\stage\node">
      <UniqueIdentifier>{c6d2254c-ead4-4386-a3cd-3b2aed22699f}</UniqueIdentifier>
    </Filter>
    <Filter Include="mainGame\enemyManager\boss">
      <UniqueIdentifier>{d27ec8c6-8ef6-4f9a-bbd9-c1dd2337efcb}</UniqueIdentifier>
    </Filter>
    <Filter Include="mainGame\player">
      <UniqueIdentifier>{2fabb2db-b74e-412d-9230-9d9bfcf05cbe}</UniqueIdentifier>
    </Filter>
    <Filter Include="mainGame\player\node">
      <UniqueIdentifier>{58213c62-14de-40c0-b080-627e80d10721}</UniqueIdentifier>
    </Filter>
  </ItemGroup>
  <ItemGroup>
    <ClCompile Include="winMain.cpp">
      <Filter>소스 파일</Filter>
    </ClCompile>
    <ClCompile Include="image.cpp">
      <Filter>2DframeWork\image</Filter>
    </ClCompile>
    <ClCompile Include="action.cpp">
      <Filter>2DframeWork\action</Filter>
    </ClCompile>
    <ClCompile Include="animation.cpp">
      <Filter>2DframeWork\animation</Filter>
    </ClCompile>
    <ClCompile Include="imageManager.cpp">
      <Filter>2DframeWork\Manager</Filter>
    </ClCompile>
    <ClCompile Include="keyAniManager.cpp">
      <Filter>2DframeWork\Manager</Filter>
    </ClCompile>
    <ClCompile Include="keyManager.cpp">
      <Filter>2DframeWork\Manager</Filter>
    </ClCompile>
    <ClCompile Include="sceneManager.cpp">
      <Filter>2DframeWork\Manager</Filter>
    </ClCompile>
    <ClCompile Include="soundManager.cpp">
      <Filter>2DframeWork\Manager</Filter>
    </ClCompile>
    <ClCompile Include="timeManager.cpp">
      <Filter>2DframeWork\Manager</Filter>
    </ClCompile>
    <ClCompile Include="timer.cpp">
      <Filter>2DframeWork\timer</Filter>
    </ClCompile>
    <ClCompile Include="utils.cpp">
      <Filter>2DframeWork\utils</Filter>
    </ClCompile>
    <ClCompile Include="collision.cpp">
      <Filter>2DframeWork\utils</Filter>
    </ClCompile>
    <ClCompile Include="gameNode.cpp">
      <Filter>2DframeWork</Filter>
    </ClCompile>
    <ClCompile Include="progressBar.cpp">
      <Filter>2DframeWork\prograssbar</Filter>
    </ClCompile>
    <ClCompile Include="mainGame.cpp">
      <Filter>mainGame</Filter>
    </ClCompile>
    <ClCompile Include="stdafx.cpp">
      <Filter>소스 파일</Filter>
    </ClCompile>
    <ClCompile Include="Goomba.cpp">
      <Filter>mainGame\enemyManager\enemys</Filter>
    </ClCompile>
    <ClCompile Include="mapTool.cpp">
      <Filter>mainGame\map\tool</Filter>
    </ClCompile>
    <ClCompile Include="decorator.cpp">
      <Filter>mainGame\map\decorator</Filter>
    </ClCompile>
    <ClCompile Include="objectManger.cpp">
      <Filter>mainGame\map\objectManager</Filter>
    </ClCompile>
    <ClCompile Include="objectNode.cpp">
      <Filter>mainGame\map\objectManager\object\node</Filter>
    </ClCompile>
    <ClCompile Include="switcher.cpp">
      <Filter>switcher</Filter>
    </ClCompile>
    <ClCompile Include="Block.cpp">
      <Filter>mainGame\map\objectManager\object</Filter>
    </ClCompile>
    <ClCompile Include="ItemBox.cpp">
      <Filter>mainGame\map\objectManager\object</Filter>
    </ClCompile>
    <ClCompile Include="SuperMuchroom.cpp">
      <Filter>mainGame\map\objectManager\object\item</Filter>
    </ClCompile>
    <ClCompile Include="Stage1.cpp">
      <Filter>mainGame\map\stage</Filter>
    </ClCompile>
    <ClCompile Include="stageNode.cpp">
      <Filter>mainGame\map\stage\node</Filter>
    </ClCompile>
    <ClCompile Include="boss.cpp">
      <Filter>mainGame\enemyManager\boss</Filter>
    </ClCompile>
    <ClCompile Include="playerNode.cpp">
      <Filter>mainGame\player\node</Filter>
    </ClCompile>
    <ClCompile Include="Mario.cpp">
      <Filter>mainGame\player</Filter>
    </ClCompile>
    <ClCompile Include="Coin.cpp">
      <Filter>mainGame\map\objectManager\object</Filter>
    </ClCompile>
    <ClCompile Include="firanhaFlower.cpp">
      <Filter>mainGame\enemyManager\enemys</Filter>
    </ClCompile>
    <ClCompile Include="fireShot.cpp">
      <Filter>mainGame\map\objectManager\object</Filter>
    </ClCompile>
    <ClCompile Include="greenTurtle.cpp">
      <Filter>mainGame\enemyManager\enemys</Filter>
    </ClCompile>
    <ClCompile Include="greenShell.cpp">
      <Filter>mainGame\map\objectManager\object</Filter>
    </ClCompile>
    <ClCompile Include="greyTurtle.cpp">
      <Filter>mainGame\enemyManager\enemys</Filter>
    </ClCompile>
    <ClCompile Include="greyShell.cpp">
      <Filter>mainGame\map\objectManager\object</Filter>
    </ClCompile>
    <ClCompile Include="enemyManger.cpp">
      <Filter>mainGame\enemyManager</Filter>
    </ClCompile>
    <ClCompile Include="enemyNode.cpp">
      <Filter>mainGame\enemyManager\node</Filter>
    </ClCompile>
  </ItemGroup>
  <ItemGroup>
    <ClInclude Include="image.h">
      <Filter>2DframeWork\image</Filter>
    </ClInclude>
    <ClInclude Include="action.h">
      <Filter>2DframeWork\action</Filter>
    </ClInclude>
    <ClInclude Include="animation.h">
      <Filter>2DframeWork\animation</Filter>
    </ClInclude>
    <ClInclude Include="imageManager.h">
      <Filter>2DframeWork\Manager</Filter>
    </ClInclude>
    <ClInclude Include="keyAniManager.h">
      <Filter>2DframeWork\Manager</Filter>
    </ClInclude>
    <ClInclude Include="keyManager.h">
      <Filter>2DframeWork\Manager</Filter>
    </ClInclude>
    <ClInclude Include="sceneManager.h">
      <Filter>2DframeWork\Manager</Filter>
    </ClInclude>
    <ClInclude Include="soundManager.h">
      <Filter>2DframeWork\Manager</Filter>
    </ClInclude>
    <ClInclude Include="timeManager.h">
      <Filter>2DframeWork\Manager</Filter>
    </ClInclude>
    <ClInclude Include="timer.h">
      <Filter>2DframeWork\timer</Filter>
    </ClInclude>
    <ClInclude Include="utils.h">
      <Filter>2DframeWork\utils</Filter>
    </ClInclude>
    <ClInclude Include="collision.h">
      <Filter>2DframeWork\utils</Filter>
    </ClInclude>
    <ClInclude Include="gameNode.h">
      <Filter>2DframeWork</Filter>
    </ClInclude>
    <ClInclude Include="progressBar.h">
      <Filter>2DframeWork\prograssbar</Filter>
    </ClInclude>
    <ClInclude Include="mainGame.h">
      <Filter>mainGame</Filter>
    </ClInclude>
    <ClInclude Include="targetver.h">
      <Filter>헤더 파일</Filter>
    </ClInclude>
    <ClInclude Include="commonMacroFunction.h">
      <Filter>헤더 파일</Filter>
    </ClInclude>
    <ClInclude Include="randomFunction.h">
      <Filter>헤더 파일</Filter>
    </ClInclude>
    <ClInclude Include="singletonBase.h">
      <Filter>2DframeWork\singletoneBase</Filter>
    </ClInclude>
    <ClInclude Include="enemyNode.h">
      <Filter>mainGame\enemyManager\node</Filter>
    </ClInclude>
    <ClInclude Include="Goomba.h">
      <Filter>mainGame\enemyManager\enemys</Filter>
    </ClInclude>
    <ClInclude Include="enemyManger.h">
      <Filter>mainGame\enemyManager</Filter>
    </ClInclude>
    <ClInclude Include="tileNode.h">
      <Filter>헤더 파일</Filter>
    </ClInclude>
    <ClInclude Include="mapTool.h">
      <Filter>mainGame\map\tool</Filter>
    </ClInclude>
    <ClInclude Include="stdafx.h">
      <Filter>헤더 파일</Filter>
    </ClInclude>
    <ClInclude Include="decorator.h">
      <Filter>mainGame\map\decorator</Filter>
    </ClInclude>
    <ClInclude Include="objectManger.h">
      <Filter>mainGame\map\objectManager</Filter>
    </ClInclude>
    <ClInclude Include="objectNode.h">
      <Filter>mainGame\map\objectManager\object\node</Filter>
    </ClInclude>
    <ClInclude Include="switcher.h">
      <Filter>switcher</Filter>
    </ClInclude>
    <ClInclude Include="Block.h">
      <Filter>mainGame\map\objectManager\object</Filter>
    </ClInclude>
    <ClInclude Include="ItemBox.h">
      <Filter>mainGame\map\objectManager\object</Filter>
    </ClInclude>
    <ClInclude Include="SuperMuchroom.h">
      <Filter>mainGame\map\objectManager\object\item</Filter>
    </ClInclude>
    <ClInclude Include="Stage1.h">
      <Filter>mainGame\map\stage</Filter>
    </ClInclude>
    <ClInclude Include="stageNode.h">
      <Filter>mainGame\map\stage\node</Filter>
    </ClInclude>
    <ClInclude Include="boss.h">
      <Filter>mainGame\enemyManager\boss</Filter>
    </ClInclude>
    <ClInclude Include="playerNode.h">
      <Filter>mainGame\player\node</Filter>
    </ClInclude>
    <ClInclude Include="Mario.h">
      <Filter>mainGame\player</Filter>
    </ClInclude>
    <ClInclude Include="Coin.h">
      <Filter>mainGame\map\objectManager\object</Filter>
    </ClInclude>
    <ClInclude Include="firanhaFlower.h">
      <Filter>mainGame\enemyManager\enemys</Filter>
    </ClInclude>
    <ClInclude Include="fireShot.h">
      <Filter>mainGame\map\objectManager\object</Filter>
    </ClInclude>
    <ClInclude Include="greenTurtle.h">
      <Filter>mainGame\enemyManager\enemys</Filter>
    </ClInclude>
    <ClInclude Include="greenShell.h">
      <Filter>mainGame\map\objectManager\object</Filter>
    </ClInclude>
    <ClInclude Include="greyTurtle.h">
      <Filter>mainGame\enemyManager\enemys</Filter>
    </ClInclude>
    <ClInclude Include="greyShell.h">
      <Filter>mainGame\map\objectManager\object</Filter>
    </ClInclude>
  </ItemGroup>
</Project>